{
  "version": 4,
  "terraform_version": "1.3.5",
  "serial": 119,
  "lineage": "38070743-77b8-3bea-eacf-9eeb44fed205",
  "outputs": {},
  "resources": [
    {
      "mode": "managed",
      "type": "aws_vpc",
      "name": "vpc_thumb1",
      "provider": "provider[\"registry.terraform.io/hashicorp/aws\"]",
      "instances": [
        {
          "schema_version": 1,
          "attributes": {
            "arn": "arn:aws:ec2:us-west-1:116943340181:vpc/vpc-0f65f72759510fbb7",
            "assign_generated_ipv6_cidr_block": false,
            "cidr_block": "10.0.0.0/16",
            "default_network_acl_id": "acl-089ebba9c30032f2f",
            "default_route_table_id": "rtb-018350c8280a8d368",
            "default_security_group_id": "sg-057ff55978152da2a",
            "dhcp_options_id": "dopt-0a9009839a5e42630",
            "enable_classiclink": false,
            "enable_classiclink_dns_support": false,
            "enable_dns_hostnames": false,
            "enable_dns_support": true,
            "enable_network_address_usage_metrics": false,
            "id": "vpc-0f65f72759510fbb7",
            "instance_tenancy": "default",
            "ipv4_ipam_pool_id": null,
            "ipv4_netmask_length": null,
            "ipv6_association_id": "",
            "ipv6_cidr_block": "",
            "ipv6_cidr_block_network_border_group": "",
            "ipv6_ipam_pool_id": "",
            "ipv6_netmask_length": 0,
            "main_route_table_id": "rtb-018350c8280a8d368",
            "owner_id": "116943340181",
            "tags": {
              "name": "main_vpc "
            },
            "tags_all": {
              "name": "main_vpc "
            }
          },
          "sensitive_attributes": [],
          "private": "eyJzY2hlbWFfdmVyc2lvbiI6IjEifQ=="
        }
      ]
    }
  ],
  "check_results": null
}
